
Microsoft Visual Studio Solution File, Format Version 12.00
# Visual Studio Version 17
VisualStudioVersion = 17.2.32616.157
MinimumVisualStudioVersion = 10.0.40219.1
Project("{FAE04EC0-301F-11D3-BF4B-00C04F79EFBC}") = "LkdLearnDesafio", "LkdLearnDesafio\LkdLearnDesafio.csproj", "{78DC737D-618A-4C7A-B5EA-93DDEF7CD710}"
EndProject
Global
	GlobalSection(SolutionConfigurationPlatforms) = preSolution
		Debug|Any CPU = Debug|Any CPU
		Release|Any CPU = Release|Any CPU
	EndGlobalSection
	GlobalSection(ProjectConfigurationPlatforms) = postSolution
		{78DC737D-618A-4C7A-B5EA-93DDEF7CD710}.Debug|Any CPU.ActiveCfg = Debug|Any CPU
		{78DC737D-618A-4C7A-B5EA-93DDEF7CD710}.Debug|Any CPU.Build.0 = Debug|Any CPU
		{78DC737D-618A-4C7A-B5EA-93DDEF7CD710}.Release|Any CPU.ActiveCfg = Release|Any CPU
		{78DC737D-618A-4C7A-B5EA-93DDEF7CD710}.Release|Any CPU.Build.0 = Release|Any CPU
	EndGlobalSection
	GlobalSection(SolutionProperties) = preSolution
		HideSolutionNode = FALSE
	EndGlobalSection
	GlobalSection(ExtensibilityGlobals) = postSolution
		SolutionGuid = {E57D727B-05A4-427E-BC4F-04E1BA569713}
	EndGlobalSection
EndGlobal
